Microsoft Visual Studio Solution File, Format Version 12.00
# Visual Studio Version 17
VisualStudioVersion = 17.5.2.0
MinimumVisualStudioVersion = 10.0.40219.1
Project("{2150E333-8FDC-42A3-9474-1A3956D46DE8}") = "build", "build", "{DEE5DD87-39C1-BF34-B639-A387DCCF972B}"
EndProject
Project("{2150E333-8FDC-42A3-9474-1A3956D46DE8}") = "_deps", "_deps", "{5E519F23-A53A-D78C-885D-C4405A5E5028}"
EndProject
Project("{2150E333-8FDC-42A3-9474-1A3956D46DE8}") = "sdl3_image-src", "sdl3_image-src", "{60290ED7-B180-19F3-6BF0-B0E009EC094A}"
EndProject
Project("{2150E333-8FDC-42A3-9474-1A3956D46DE8}") = "external", "external", "{A2B75593-32B3-0B1D-19BD-FAD1CD82FD0F}"
EndProject
Project("{2150E333-8FDC-42A3-9474-1A3956D46DE8}") = "zlib", "zlib", "{7A111F76-90D0-0820-9730-F40565CAE122}"
EndProject
Project("{2150E333-8FDC-42A3-9474-1A3956D46DE8}") = "contrib", "contrib", "{44ECCB08-8EF1-794B-F665-1B12C644BEE7}"
EndProject
Project("{FAE04EC0-301F-11D3-BF4B-00C04F79EFBC}") = "nuget", "build\_deps\sdl3_image-src\external\zlib\contrib\nuget\nuget.csproj", "{4033545E-9FFB-4C7C-BB36-D9C03ABE581C}"
EndProject
Project("{2150E333-8FDC-42A3-9474-1A3956D46DE8}") = "dotzlib", "dotzlib", "{BDB14C7E-5C4D-1569-47C6-7FB1020CD2EE}"
EndProject
Project("{FAE04EC0-301F-11D3-BF4B-00C04F79EFBC}") = "DotZLib", "build\_deps\sdl3_image-src\external\zlib\contrib\dotzlib\DotZLib\DotZLib.csproj", "{D7A7D4F3-BA63-4EC9-831A-BCE4046C0C6A}"
EndProject
Project("{2150E333-8FDC-42A3-9474-1A3956D46DE8}") = "sdl3_shadercross-build", "sdl3_shadercross-build", "{554F8820-0123-E2EF-DDB5-0FB339E3C42F}"
EndProject
Project("{2150E333-8FDC-42A3-9474-1A3956D46DE8}") = "external", "external", "{82E658DD-B339-1FB9-A2F6-C093254982D0}"
EndProject
Project("{2150E333-8FDC-42A3-9474-1A3956D46DE8}") = "DirectXShaderCompiler", "DirectXShaderCompiler", "{6A7D718F-EFCD-11FF-88BE-6B5005AB165C}"
EndProject
Project("{2150E333-8FDC-42A3-9474-1A3956D46DE8}") = "tools", "tools", "{9317551D-A658-2588-985D-8482F50C9B8C}"
EndProject
Project("{2150E333-8FDC-42A3-9474-1A3956D46DE8}") = "clang", "clang", "{3CD478D5-00AF-2C90-A2D5-5D3E324D56BA}"
EndProject
Project("{2150E333-8FDC-42A3-9474-1A3956D46DE8}") = "tools", "tools", "{CE1AEAED-6184-B40E-6843-66985D12E395}"
EndProject
Project("{2150E333-8FDC-42A3-9474-1A3956D46DE8}") = "dotnetc", "dotnetc", "{B4A98925-D30E-5579-61D0-9833E4D491BC}"
EndProject
Project("{FAE04EC0-301F-11D3-BF4B-00C04F79EFBC}") = "dndxc", "build\_deps\sdl3_shadercross-build\external\DirectXShaderCompiler\tools\clang\tools\dotnetc\dndxc.csproj", "{FA60EE83-1AC5-893C-6A1C-478FBE954EC2}"
EndProject
Project("{2150E333-8FDC-42A3-9474-1A3956D46DE8}") = "sdl_shadercross-build", "sdl_shadercross-build", "{DC2CC997-E7FE-583B-9528-91E2BB88C3A9}"
EndProject
Project("{2150E333-8FDC-42A3-9474-1A3956D46DE8}") = "external", "external", "{6905F3DE-4B02-AF03-1C96-53DEF1BAEB2D}"
EndProject
Project("{2150E333-8FDC-42A3-9474-1A3956D46DE8}") = "DirectXShaderCompiler", "DirectXShaderCompiler", "{53460F3E-3896-59B8-6BD6-11F296F7F300}"
EndProject
Project("{2150E333-8FDC-42A3-9474-1A3956D46DE8}") = "tools", "tools", "{570B70EB-C960-7E05-FFD1-55B37D84B960}"
EndProject
Project("{2150E333-8FDC-42A3-9474-1A3956D46DE8}") = "clang", "clang", "{73806F01-4122-40D4-313D-456378734275}"
EndProject
Project("{2150E333-8FDC-42A3-9474-1A3956D46DE8}") = "tools", "tools", "{ACE22154-BEEE-CCA4-AAA3-A3D0182179CC}"
EndProject
Project("{2150E333-8FDC-42A3-9474-1A3956D46DE8}") = "dotnetc", "dotnetc", "{98586345-3C72-88AD-4711-0739684B6D7C}"
EndProject
Project("{FAE04EC0-301F-11D3-BF4B-00C04F79EFBC}") = "dndxc", "build\_deps\sdl_shadercross-build\external\DirectXShaderCompiler\tools\clang\tools\dotnetc\dndxc.csproj", "{9CA9E3A5-85C8-6F3D-6F4E-57C41E571B4A}"
EndProject
Project("{2150E333-8FDC-42A3-9474-1A3956D46DE8}") = "libjxl", "libjxl", "{8067284E-AF48-9959-BE76-A146B369F51D}"
EndProject
Project("{2150E333-8FDC-42A3-9474-1A3956D46DE8}") = "third_party", "third_party", "{E6C0E320-593F-2674-A951-B5F237DDA7DB}"
EndProject
Project("{2150E333-8FDC-42A3-9474-1A3956D46DE8}") = "zlib", "zlib", "{B7F49102-9616-D002-2ABD-5DA241E15102}"
EndProject
Project("{2150E333-8FDC-42A3-9474-1A3956D46DE8}") = "contrib", "contrib", "{EF27AB28-FF80-9FBA-E3E7-09C14DE20110}"
EndProject
Project("{2150E333-8FDC-42A3-9474-1A3956D46DE8}") = "dotzlib", "dotzlib", "{85426622-2987-2DFA-EAED-D7A319608DBF}"
EndProject
Project("{FAE04EC0-301F-11D3-BF4B-00C04F79EFBC}") = "DotZLib", "build\_deps\sdl3_image-src\external\libjxl\third_party\zlib\contrib\dotzlib\DotZLib\DotZLib.csproj", "{7D451A93-9198-8EA8-D223-7470740BFCE9}"
EndProject
Global
	GlobalSection(SolutionConfigurationPlatforms) = preSolution
		Debug|Any CPU = Debug|Any CPU
		Release|Any CPU = Release|Any CPU
	EndGlobalSection
	GlobalSection(ProjectConfigurationPlatforms) = postSolution
		{4033545E-9FFB-4C7C-BB36-D9C03ABE581C}.Debug|Any CPU.ActiveCfg = Debug|Any CPU
		{4033545E-9FFB-4C7C-BB36-D9C03ABE581C}.Debug|Any CPU.Build.0 = Debug|Any CPU
		{4033545E-9FFB-4C7C-BB36-D9C03ABE581C}.Release|Any CPU.ActiveCfg = Release|Any CPU
		{4033545E-9FFB-4C7C-BB36-D9C03ABE581C}.Release|Any CPU.Build.0 = Release|Any CPU
		{D7A7D4F3-BA63-4EC9-831A-BCE4046C0C6A}.Debug|Any CPU.ActiveCfg = Debug|Any CPU
		{D7A7D4F3-BA63-4EC9-831A-BCE4046C0C6A}.Debug|Any CPU.Build.0 = Debug|Any CPU
		{D7A7D4F3-BA63-4EC9-831A-BCE4046C0C6A}.Release|Any CPU.ActiveCfg = Release|Any CPU
		{D7A7D4F3-BA63-4EC9-831A-BCE4046C0C6A}.Release|Any CPU.Build.0 = Release|Any CPU
		{FA60EE83-1AC5-893C-6A1C-478FBE954EC2}.Debug|Any CPU.ActiveCfg = Debug|Any CPU
		{FA60EE83-1AC5-893C-6A1C-478FBE954EC2}.Debug|Any CPU.Build.0 = Debug|Any CPU
		{FA60EE83-1AC5-893C-6A1C-478FBE954EC2}.Release|Any CPU.ActiveCfg = Release|Any CPU
		{FA60EE83-1AC5-893C-6A1C-478FBE954EC2}.Release|Any CPU.Build.0 = Release|Any CPU
		{9CA9E3A5-85C8-6F3D-6F4E-57C41E571B4A}.Debug|Any CPU.ActiveCfg = Debug|Any CPU
		{9CA9E3A5-85C8-6F3D-6F4E-57C41E571B4A}.Debug|Any CPU.Build.0 = Debug|Any CPU
		{9CA9E3A5-85C8-6F3D-6F4E-57C41E571B4A}.Release|Any CPU.ActiveCfg = Release|Any CPU
		{9CA9E3A5-85C8-6F3D-6F4E-57C41E571B4A}.Release|Any CPU.Build.0 = Release|Any CPU
		{7D451A93-9198-8EA8-D223-7470740BFCE9}.Debug|Any CPU.ActiveCfg = Debug|Any CPU
		{7D451A93-9198-8EA8-D223-7470740BFCE9}.Debug|Any CPU.Build.0 = Debug|Any CPU
		{7D451A93-9198-8EA8-D223-7470740BFCE9}.Release|Any CPU.ActiveCfg = Release|Any CPU
		{7D451A93-9198-8EA8-D223-7470740BFCE9}.Release|Any CPU.Build.0 = Release|Any CPU
	EndGlobalSection
	GlobalSection(SolutionProperties) = preSolution
		HideSolutionNode = FALSE
	EndGlobalSection
	GlobalSection(NestedProjects) = preSolution
		{5E519F23-A53A-D78C-885D-C4405A5E5028} = {DEE5DD87-39C1-BF34-B639-A387DCCF972B}
		{60290ED7-B180-19F3-6BF0-B0E009EC094A} = {5E519F23-A53A-D78C-885D-C4405A5E5028}
		{A2B75593-32B3-0B1D-19BD-FAD1CD82FD0F} = {60290ED7-B180-19F3-6BF0-B0E009EC094A}
		{7A111F76-90D0-0820-9730-F40565CAE122} = {A2B75593-32B3-0B1D-19BD-FAD1CD82FD0F}
		{44ECCB08-8EF1-794B-F665-1B12C644BEE7} = {7A111F76-90D0-0820-9730-F40565CAE122}
		{4033545E-9FFB-4C7C-BB36-D9C03ABE581C} = {44ECCB08-8EF1-794B-F665-1B12C644BEE7}
		{BDB14C7E-5C4D-1569-47C6-7FB1020CD2EE} = {44ECCB08-8EF1-794B-F665-1B12C644BEE7}
		{D7A7D4F3-BA63-4EC9-831A-BCE4046C0C6A} = {BDB14C7E-5C4D-1569-47C6-7FB1020CD2EE}
		{554F8820-0123-E2EF-DDB5-0FB339E3C42F} = {5E519F23-A53A-D78C-885D-C4405A5E5028}
		{82E658DD-B339-1FB9-A2F6-C093254982D0} = {554F8820-0123-E2EF-DDB5-0FB339E3C42F}
		{6A7D718F-EFCD-11FF-88BE-6B5005AB165C} = {82E658DD-B339-1FB9-A2F6-C093254982D0}
		{9317551D-A658-2588-985D-8482F50C9B8C} = {6A7D718F-EFCD-11FF-88BE-6B5005AB165C}
		{3CD478D5-00AF-2C90-A2D5-5D3E324D56BA} = {9317551D-A658-2588-985D-8482F50C9B8C}
		{CE1AEAED-6184-B40E-6843-66985D12E395} = {3CD478D5-00AF-2C90-A2D5-5D3E324D56BA}
		{B4A98925-D30E-5579-61D0-9833E4D491BC} = {CE1AEAED-6184-B40E-6843-66985D12E395}
		{FA60EE83-1AC5-893C-6A1C-478FBE954EC2} = {B4A98925-D30E-5579-61D0-9833E4D491BC}
		{DC2CC997-E7FE-583B-9528-91E2BB88C3A9} = {5E519F23-A53A-D78C-885D-C4405A5E5028}
		{6905F3DE-4B02-AF03-1C96-53DEF1BAEB2D} = {DC2CC997-E7FE-583B-9528-91E2BB88C3A9}
		{53460F3E-3896-59B8-6BD6-11F296F7F300} = {6905F3DE-4B02-AF03-1C96-53DEF1BAEB2D}
		{570B70EB-C960-7E05-FFD1-55B37D84B960} = {53460F3E-3896-59B8-6BD6-11F296F7F300}
		{73806F01-4122-40D4-313D-456378734275} = {570B70EB-C960-7E05-FFD1-55B37D84B960}
		{ACE22154-BEEE-CCA4-AAA3-A3D0182179CC} = {73806F01-4122-40D4-313D-456378734275}
		{98586345-3C72-88AD-4711-0739684B6D7C} = {ACE22154-BEEE-CCA4-AAA3-A3D0182179CC}
		{9CA9E3A5-85C8-6F3D-6F4E-57C41E571B4A} = {98586345-3C72-88AD-4711-0739684B6D7C}
		{8067284E-AF48-9959-BE76-A146B369F51D} = {A2B75593-32B3-0B1D-19BD-FAD1CD82FD0F}
		{E6C0E320-593F-2674-A951-B5F237DDA7DB} = {8067284E-AF48-9959-BE76-A146B369F51D}
		{B7F49102-9616-D002-2ABD-5DA241E15102} = {E6C0E320-593F-2674-A951-B5F237DDA7DB}
		{EF27AB28-FF80-9FBA-E3E7-09C14DE20110} = {B7F49102-9616-D002-2ABD-5DA241E15102}
		{85426622-2987-2DFA-EAED-D7A319608DBF} = {EF27AB28-FF80-9FBA-E3E7-09C14DE20110}
		{7D451A93-9198-8EA8-D223-7470740BFCE9} = {85426622-2987-2DFA-EAED-D7A319608DBF}
	EndGlobalSection
	GlobalSection(ExtensibilityGlobals) = postSolution
		SolutionGuid = {D944C22A-F5A7-4BF1-979D-593B98AC9A7B}
	EndGlobalSection
EndGlobal
